
Microsoft Visual Studio Solution File, Format Version 12.00
# Visual Studio Version 17
VisualStudioVersion = 17.14.37111.16 d17.14
MinimumVisualStudioVersion = 10.0.40219.1
Project("{FAE04EC0-301F-11D3-BF4B-00C04F79EFBC}") = "zd1_task1_2_Savitsin", "zd1_task1_2_Savitsin\zd1_task1_2_Savitsin.csproj", "{C65B7008-C61C-4657-80CD-04CCE1901902}"
EndProject
Global
	GlobalSection(SolutionConfigurationPlatforms) = preSolution
		Debug|Any CPU = Debug|Any CPU
		Release|Any CPU = Release|Any CPU
	EndGlobalSection
	GlobalSection(ProjectConfigurationPlatforms) = postSolution
		{C65B7008-C61C-4657-80CD-04CCE1901902}.Debug|Any CPU.ActiveCfg = Debug|Any CPU
		{C65B7008-C61C-4657-80CD-04CCE1901902}.Debug|Any CPU.Build.0 = Debug|Any CPU
		{C65B7008-C61C-4657-80CD-04CCE1901902}.Release|Any CPU.ActiveCfg = Release|Any CPU
		{C65B7008-C61C-4657-80CD-04CCE1901902}.Release|Any CPU.Build.0 = Release|Any CPU
	EndGlobalSection
	GlobalSection(SolutionProperties) = preSolution
		HideSolutionNode = FALSE
	EndGlobalSection
	GlobalSection(ExtensibilityGlobals) = postSolution
		SolutionGuid = {841B7E43-1160-4D09-B549-89E0E833ED69}
	EndGlobalSection
EndGlobal
